
Microsoft Visual Studio Solution File, Format Version 12.00
# Visual Studio Version 16
VisualStudioVersion = 16.0.30804.86
MinimumVisualStudioVersion = 10.0.40219.1
Project("{FAE04EC0-301F-11D3-BF4B-00C04F79EFBC}") = "8Queens", "8Queens\8Queens.csproj", "{EDB03604-349F-46BE-93C3-23E6F859701B}"
EndProject
Global
	GlobalSection(SolutionConfigurationPlatforms) = preSolution
		Debug|Any CPU = Debug|Any CPU
		Release|Any CPU = Release|Any CPU
	EndGlobalSection
	GlobalSection(ProjectConfigurationPlatforms) = postSolution
		{EDB03604-349F-46BE-93C3-23E6F859701B}.Debug|Any CPU.ActiveCfg = Debug|Any CPU
		{EDB03604-349F-46BE-93C3-23E6F859701B}.Debug|Any CPU.Build.0 = Debug|Any CPU
		{EDB03604-349F-46BE-93C3-23E6F859701B}.Release|Any CPU.ActiveCfg = Release|Any CPU
		{EDB03604-349F-46BE-93C3-23E6F859701B}.Release|Any CPU.Build.0 = Release|Any CPU
	EndGlobalSection
	GlobalSection(SolutionProperties) = preSolution
		HideSolutionNode = FALSE
	EndGlobalSection
	GlobalSection(ExtensibilityGlobals) = postSolution
		SolutionGuid = {800083A8-2BCA-4F42-9656-D1C96F375612}
	EndGlobalSection
EndGlobal
